
Microsoft Visual Studio Solution File, Format Version 12.00
# Visual Studio Version 17
VisualStudioVersion = 17.3.32922.545
MinimumVisualStudioVersion = 10.0.40219.1
Project("{9A19103F-16F7-4668-BE54-9A1E7A4F7556}") = "KidsLearning", "KidsLearning\KidsLearning.csproj", "{237AE922-1115-44A1-80EF-C13531D0827B}"
EndProject
Project("{9A19103F-16F7-4668-BE54-9A1E7A4F7556}") = "KidsLearning.Classed", "KidsLearning.Classed\KidsLearning.Classed.csproj", "{853A51C2-2D06-48E0-AFF7-4207A38101A6}"
EndProject
Project("{9A19103F-16F7-4668-BE54-9A1E7A4F7556}") = "KidsLearning.Control", "KidsLearning.Control\KidsLearning.Control.csproj", "{183C03A4-C8CD-4EF9-8E63-02C214E1935E}"
EndProject
Project("{9A19103F-16F7-4668-BE54-9A1E7A4F7556}") = "LoadFiles", "LoadFiles\LoadFiles.csproj", "{07B4AD24-DCEE-4F17-A1BC-818D1746B445}"
EndProject
Project("{9A19103F-16F7-4668-BE54-9A1E7A4F7556}") = "KidsLearning.Print", "KidsLearning.Print\KidsLearning.Print.csproj", "{476E6F93-BA04-42AF-9D99-3FD705736DAC}"
EndProject
Global
	GlobalSection(SolutionConfigurationPlatforms) = preSolution
		Debug|Any CPU = Debug|Any CPU
		Release|Any CPU = Release|Any CPU
	EndGlobalSection
	GlobalSection(ProjectConfigurationPlatforms) = postSolution
		{237AE922-1115-44A1-80EF-C13531D0827B}.Debug|Any CPU.ActiveCfg = Debug|Any CPU
		{237AE922-1115-44A1-80EF-C13531D0827B}.Debug|Any CPU.Build.0 = Debug|Any CPU
		{237AE922-1115-44A1-80EF-C13531D0827B}.Release|Any CPU.ActiveCfg = Release|Any CPU
		{237AE922-1115-44A1-80EF-C13531D0827B}.Release|Any CPU.Build.0 = Release|Any CPU
		{853A51C2-2D06-48E0-AFF7-4207A38101A6}.Debug|Any CPU.ActiveCfg = Debug|Any CPU
		{853A51C2-2D06-48E0-AFF7-4207A38101A6}.Debug|Any CPU.Build.0 = Debug|Any CPU
		{853A51C2-2D06-48E0-AFF7-4207A38101A6}.Release|Any CPU.ActiveCfg = Release|Any CPU
		{853A51C2-2D06-48E0-AFF7-4207A38101A6}.Release|Any CPU.Build.0 = Release|Any CPU
		{183C03A4-C8CD-4EF9-8E63-02C214E1935E}.Debug|Any CPU.ActiveCfg = Debug|Any CPU
		{183C03A4-C8CD-4EF9-8E63-02C214E1935E}.Debug|Any CPU.Build.0 = Debug|Any CPU
		{183C03A4-C8CD-4EF9-8E63-02C214E1935E}.Release|Any CPU.ActiveCfg = Release|Any CPU
		{183C03A4-C8CD-4EF9-8E63-02C214E1935E}.Release|Any CPU.Build.0 = Release|Any CPU
		{07B4AD24-DCEE-4F17-A1BC-818D1746B445}.Debug|Any CPU.ActiveCfg = Debug|Any CPU
		{07B4AD24-DCEE-4F17-A1BC-818D1746B445}.Debug|Any CPU.Build.0 = Debug|Any CPU
		{07B4AD24-DCEE-4F17-A1BC-818D1746B445}.Release|Any CPU.ActiveCfg = Release|Any CPU
		{07B4AD24-DCEE-4F17-A1BC-818D1746B445}.Release|Any CPU.Build.0 = Release|Any CPU
		{476E6F93-BA04-42AF-9D99-3FD705736DAC}.Debug|Any CPU.ActiveCfg = Debug|Any CPU
		{476E6F93-BA04-42AF-9D99-3FD705736DAC}.Debug|Any CPU.Build.0 = Debug|Any CPU
		{476E6F93-BA04-42AF-9D99-3FD705736DAC}.Release|Any CPU.ActiveCfg = Release|Any CPU
		{476E6F93-BA04-42AF-9D99-3FD705736DAC}.Release|Any CPU.Build.0 = Release|Any CPU
	EndGlobalSection
	GlobalSection(SolutionProperties) = preSolution
		HideSolutionNode = FALSE
	EndGlobalSection
	GlobalSection(ExtensibilityGlobals) = postSolution
		SolutionGuid = {8700AB43-3916-4651-A578-138080D32F97}
	EndGlobalSection
EndGlobal
